
Microsoft Visual Studio Solution File, Format Version 11.00
# Visual Studio 2010
Project("{FAE04EC0-301F-11D3-BF4B-00C04F79EFBC}") = "GestionPharmacetique", "GestionPharmacetique\GestionPharmacetique.csproj", "{F1B1F5BF-5E61-49A0-B2C1-47512C6BCA6B}"
EndProject
Project("{54435603-DBB4-11D2-8724-00A0C9A8B90C}") = "PharmLogi", "PharmLogi\PharmLogi.vdproj", "{452BB0AC-8385-4E22-B586-C071A227558C}"
EndProject
Global
	GlobalSection(SolutionConfigurationPlatforms) = preSolution
		Debug|x86 = Debug|x86
		Release|x86 = Release|x86
	EndGlobalSection
	GlobalSection(ProjectConfigurationPlatforms) = postSolution
		{F1B1F5BF-5E61-49A0-B2C1-47512C6BCA6B}.Debug|x86.ActiveCfg = Debug|x86
		{F1B1F5BF-5E61-49A0-B2C1-47512C6BCA6B}.Debug|x86.Build.0 = Debug|x86
		{F1B1F5BF-5E61-49A0-B2C1-47512C6BCA6B}.Release|x86.ActiveCfg = Release|x86
		{F1B1F5BF-5E61-49A0-B2C1-47512C6BCA6B}.Release|x86.Build.0 = Release|x86
		{452BB0AC-8385-4E22-B586-C071A227558C}.Debug|x86.ActiveCfg = Debug
		{452BB0AC-8385-4E22-B586-C071A227558C}.Release|x86.ActiveCfg = Release
	EndGlobalSection
	GlobalSection(SolutionProperties) = preSolution
		HideSolutionNode = FALSE
	EndGlobalSection
EndGlobal
