
Microsoft Visual Studio Solution File, Format Version 11.00
# Visual Studio 2010
Project("{FAE04EC0-301F-11D3-BF4B-00C04F79EFBC}") = "GestionDesPersonels", "GestionDesPelerinsTchad\GestionDesPersonels.csproj", "{7ACF29FF-7D56-4B6F-B7C7-B005E4E81197}"
EndProject
Project("{54435603-DBB4-11D2-8724-00A0C9A8B90C}") = "SGSP", "GesPersonnel\GesPersonnel.vdproj", "{BAFDF1C4-C6AD-499F-AD32-1C4DD8FCC391}"
EndProject
Global
	GlobalSection(SolutionConfigurationPlatforms) = preSolution
		Debug|x86 = Debug|x86
		Release|x86 = Release|x86
	EndGlobalSection
	GlobalSection(ProjectConfigurationPlatforms) = postSolution
		{7ACF29FF-7D56-4B6F-B7C7-B005E4E81197}.Debug|x86.ActiveCfg = Debug|x86
		{7ACF29FF-7D56-4B6F-B7C7-B005E4E81197}.Debug|x86.Build.0 = Debug|x86
		{7ACF29FF-7D56-4B6F-B7C7-B005E4E81197}.Release|x86.ActiveCfg = Release|x86
		{7ACF29FF-7D56-4B6F-B7C7-B005E4E81197}.Release|x86.Build.0 = Release|x86
		{BAFDF1C4-C6AD-499F-AD32-1C4DD8FCC391}.Debug|x86.ActiveCfg = Debug
		{BAFDF1C4-C6AD-499F-AD32-1C4DD8FCC391}.Release|x86.ActiveCfg = Release
	EndGlobalSection
	GlobalSection(SolutionProperties) = preSolution
		HideSolutionNode = FALSE
	EndGlobalSection
EndGlobal
