
Microsoft Visual Studio Solution File, Format Version 11.00
# Visual Studio 2010
Global
	GlobalSection(SolutionConfigurationPlatforms) = preSolution
		Debug|x86 = Debug|x86
		Release|x86 = Release|x86
	EndGlobalSection
	GlobalSection(ProjectConfigurationPlatforms) = postSolution
		{BAFDF1C4-C6AD-499F-AD32-1C4DD8FCC391}.Debug|x86.ActiveCfg = Debug
		{BAFDF1C4-C6AD-499F-AD32-1C4DD8FCC391}.Release|x86.ActiveCfg = Release
	EndGlobalSection
	GlobalSection(SolutionProperties) = preSolution
		HideSolutionNode = FALSE
	EndGlobalSection
EndGlobal
